<?xml version="1.0" encoding="utf-8"?>
<Project ToolsVersion="4.0" xmlns="http://schemas.microsoft.com/developer/msbuild/2003">
  <ItemGroup>
    <Filter Include="Source Files">
      <UniqueIdentifier>{4FC737F1-C7A5-4376-A066-2A32D752A2FF}</UniqueIdentifier>
      <Extensions>cpp;c;cc;cxx;c++;def;odl;idl;hpj;bat;asm;asmx</Extensions>
    </Filter>
    <Filter Include="Header Files">
      <UniqueIdentifier>{93995380-89BD-4b04-88EB-625FBE52EBFB}</UniqueIdentifier>
      <Extensions>h;hh;hpp;hxx;h++;hm;inl;inc;ipp;xsd</Extensions>
    </Filter>
    <Filter Include="Resource Files">
      <UniqueIdentifier>{67DA6AB6-F800-4c08-8B7A-83BB121AAD01}</UniqueIdentifier>
      <Extensions>rc;ico;cur;bmp;dlg;rc2;rct;bin;rgs;gif;jpg;jpeg;jpe;resx;tiff;tif;png;wav;mfcribbon-ms</Extensions>
    </Filter>
    <Filter Include="Header Files\cpu">
      <UniqueIdentifier>{4ede67f0-4579-4175-97bf-abf6a1ce1f52}</UniqueIdentifier>
    </Filter>
    <Filter Include="Source Files\cpu">
      <UniqueIdentifier>{f2743e79-057c-474a-9b8f-47b59bb76bd7}</UniqueIdentifier>
    </Filter>
    <Filter Include="Header Files\disasm">
      <UniqueIdentifier>{fc065012-ef13-4c28-8839-cd511f0c2a30}</UniqueIdentifier>
    </Filter>
    <Filter Include="Source Files\disasm">
      <UniqueIdentifier>{605c6245-87d8-4997-952e-fdf058de0c41}</UniqueIdentifier>
    </Filter>
  </ItemGroup>
  <ItemGroup>
    <ClCompile Include="main.cpp">
      <Filter>Source Files</Filter>
    </ClCompile>
    <ClCompile Include="cpu\opcode.cpp">
      <Filter>Source Files\cpu</Filter>
    </ClCompile>
    <ClCompile Include="cpu\opcode_timings.cpp">
      <Filter>Source Files\cpu</Filter>
    </ClCompile>
    <ClCompile Include="cpu\gb_registers.cpp">
      <Filter>Source Files\cpu</Filter>
    </ClCompile>
    <ClCompile Include="cpu\gb_cpu.cpp">
      <Filter>Source Files\cpu</Filter>
    </ClCompile>
    <ClCompile Include="gb_state.cpp">
      <Filter>Source Files</Filter>
    </ClCompile>
    <ClCompile Include="disasm\disassembler.cpp">
      <Filter>Source Files\disasm</Filter>
    </ClCompile>
  </ItemGroup>
  <ItemGroup>
    <ClInclude Include="cpu\opcode.hpp">
      <Filter>Header Files\cpu</Filter>
    </ClInclude>
    <ClInclude Include="cpu\opcode_timings.hpp">
      <Filter>Header Files\cpu</Filter>
    </ClInclude>
    <ClInclude Include="cpu\gb_registers.hpp">
      <Filter>Header Files\cpu</Filter>
    </ClInclude>
    <ClInclude Include="cpu\gb_cpu.hpp">
      <Filter>Header Files\cpu</Filter>
    </ClInclude>
    <ClInclude Include="gb_state.hpp">
      <Filter>Header Files</Filter>
    </ClInclude>
    <ClInclude Include="disasm\disassembler.hpp">
      <Filter>Header Files\disasm</Filter>
    </ClInclude>
  </ItemGroup>
</Project>